Microsoft Visual Studio Solution File, Format Version 11.00
# Visual Studio 2008

Project("{1E577A41-8EBE-9D7A-FF92-61CBDC02AC8C}") = "EduQuiz", "Assembly-CSharp.csproj", "{E98C25E6-6816-DCB8-12D5-D7CCDC1B3E7C}"
EndProject
Global
	GlobalSection(SolutionConfigurationPlatforms) = preSolution
		Debug|Any CPU = Debug|Any CPU
		Release|Any CPU = Release|Any CPU
	EndGlobalSection
	GlobalSection(ProjectConfigurationPlatforms) = postSolution
		{E98C25E6-6816-DCB8-12D5-D7CCDC1B3E7C}.Debug|Any CPU.ActiveCfg = Debug|Any CPU
		{E98C25E6-6816-DCB8-12D5-D7CCDC1B3E7C}.Debug|Any CPU.Build.0 = Debug|Any CPU
		{E98C25E6-6816-DCB8-12D5-D7CCDC1B3E7C}.Release|Any CPU.ActiveCfg = Release|Any CPU
		{E98C25E6-6816-DCB8-12D5-D7CCDC1B3E7C}.Release|Any CPU.Build.0 = Release|Any CPU
	EndGlobalSection
	GlobalSection(SolutionProperties) = preSolution
		HideSolutionNode = FALSE
	EndGlobalSection
				GlobalSection(MonoDevelopProperties) = preSolution
		StartupItem = Assembly-CSharp.csproj
		Policies = $0
		$0.TextStylePolicy = $1
		$1.inheritsSet = null
		$1.scope = text/x-csharp
		$0.CSharpFormattingPolicy = $2
		$2.inheritsSet = Mono
		$2.inheritsScope = text/x-csharp
		$2.scope = text/x-csharp
		$0.TextStylePolicy = $3
		$3.FileWidth = 120
		$3.TabWidth = 4
		$3.IndentWidth = 4
		$3.EolMarker = Unix
		$3.inheritsSet = Mono
		$3.inheritsScope = text/plain
		$3.scope = text/plain
	EndGlobalSection
EndGlobal
